
Microsoft Visual Studio Solution File, Format Version 12.00
# Visual Studio 14
VisualStudioVersion = 14.0.25123.0
MinimumVisualStudioVersion = 10.0.40219.1
Project("{FAE04EC0-301F-11D3-BF4B-00C04F79EFBC}") = "homework 4_2", "homework 4_2\homework 4_2.csproj", "{A6B4F3A9-6FB5-4697-96B0-E13A03C95386}"
EndProject
Project("{FAE04EC0-301F-11D3-BF4B-00C04F79EFBC}") = "UniqueListTest", "UniqueListTest\UniqueListTest.csproj", "{86ADE33C-899F-40EE-965A-07C93C0C7414}"
EndProject
Global
	GlobalSection(SolutionConfigurationPlatforms) = preSolution
		Debug|Any CPU = Debug|Any CPU
		Release|Any CPU = Release|Any CPU
	EndGlobalSection
	GlobalSection(ProjectConfigurationPlatforms) = postSolution
		{A6B4F3A9-6FB5-4697-96B0-E13A03C95386}.Debug|Any CPU.ActiveCfg = Debug|Any CPU
		{A6B4F3A9-6FB5-4697-96B0-E13A03C95386}.Debug|Any CPU.Build.0 = Debug|Any CPU
		{A6B4F3A9-6FB5-4697-96B0-E13A03C95386}.Release|Any CPU.ActiveCfg = Release|Any CPU
		{A6B4F3A9-6FB5-4697-96B0-E13A03C95386}.Release|Any CPU.Build.0 = Release|Any CPU
		{86ADE33C-899F-40EE-965A-07C93C0C7414}.Debug|Any CPU.ActiveCfg = Debug|Any CPU
		{86ADE33C-899F-40EE-965A-07C93C0C7414}.Debug|Any CPU.Build.0 = Debug|Any CPU
		{86ADE33C-899F-40EE-965A-07C93C0C7414}.Release|Any CPU.ActiveCfg = Release|Any CPU
		{86ADE33C-899F-40EE-965A-07C93C0C7414}.Release|Any CPU.Build.0 = Release|Any CPU
	EndGlobalSection
	GlobalSection(SolutionProperties) = preSolution
		HideSolutionNode = FALSE
	EndGlobalSection
EndGlobal
